
Microsoft Visual Studio Solution File, Format Version 12.00
# Visual Studio Version 17
VisualStudioVersion = 17.0.31903.59
MinimumVisualStudioVersion = 10.0.40219.1
Project("{2150E333-8FDC-42A3-9474-1A3956D46DE8}") = "src", "src", "{1739240A-F2A6-4D91-9CD8-EF46600151E9}"
EndProject
Project("{FAE04EC0-301F-11D3-BF4B-00C04F79EFBC}") = "ClientModule", "src\ClientModule\ClientModule.csproj", "{BDF9BC1A-B962-444F-A50A-0F5005A598FD}"
EndProject
Project("{FAE04EC0-301F-11D3-BF4B-00C04F79EFBC}") = "OrganizationModule", "src\OrganizationModule\OrganizationModule.csproj", "{BE3493CE-23B5-4DE4-B5C1-DE1341582577}"
EndProject
Project("{FAE04EC0-301F-11D3-BF4B-00C04F79EFBC}") = "WebApi", "src\WebApi\WebApi.csproj", "{28A6E3D9-58FA-4DED-BE24-EA8AB46724FB}"
EndProject
Project("{FAE04EC0-301F-11D3-BF4B-00C04F79EFBC}") = "ClientModule.DomainEvents", "src\ClientModule.DomainEvents\ClientModule.DomainEvents.csproj", "{6FD27AA8-6792-4928-A497-3328C8DE07DF}"
EndProject
Project("{FAE04EC0-301F-11D3-BF4B-00C04F79EFBC}") = "OrganizationModule.DomainEvents", "src\OrganizationModule.DomainEvents\OrganizationModule.DomainEvents.csproj", "{4C5CCB71-7058-4651-A772-15764E412C8A}"
EndProject
Global
	GlobalSection(SolutionConfigurationPlatforms) = preSolution
		Debug|Any CPU = Debug|Any CPU
		Release|Any CPU = Release|Any CPU
	EndGlobalSection
	GlobalSection(SolutionProperties) = preSolution
		HideSolutionNode = FALSE
	EndGlobalSection
	GlobalSection(ProjectConfigurationPlatforms) = postSolution
		{BDF9BC1A-B962-444F-A50A-0F5005A598FD}.Debug|Any CPU.ActiveCfg = Debug|Any CPU
		{BDF9BC1A-B962-444F-A50A-0F5005A598FD}.Debug|Any CPU.Build.0 = Debug|Any CPU
		{BDF9BC1A-B962-444F-A50A-0F5005A598FD}.Release|Any CPU.ActiveCfg = Release|Any CPU
		{BDF9BC1A-B962-444F-A50A-0F5005A598FD}.Release|Any CPU.Build.0 = Release|Any CPU
		{BE3493CE-23B5-4DE4-B5C1-DE1341582577}.Debug|Any CPU.ActiveCfg = Debug|Any CPU
		{BE3493CE-23B5-4DE4-B5C1-DE1341582577}.Debug|Any CPU.Build.0 = Debug|Any CPU
		{BE3493CE-23B5-4DE4-B5C1-DE1341582577}.Release|Any CPU.ActiveCfg = Release|Any CPU
		{BE3493CE-23B5-4DE4-B5C1-DE1341582577}.Release|Any CPU.Build.0 = Release|Any CPU
		{28A6E3D9-58FA-4DED-BE24-EA8AB46724FB}.Debug|Any CPU.ActiveCfg = Debug|Any CPU
		{28A6E3D9-58FA-4DED-BE24-EA8AB46724FB}.Debug|Any CPU.Build.0 = Debug|Any CPU
		{28A6E3D9-58FA-4DED-BE24-EA8AB46724FB}.Release|Any CPU.ActiveCfg = Release|Any CPU
		{28A6E3D9-58FA-4DED-BE24-EA8AB46724FB}.Release|Any CPU.Build.0 = Release|Any CPU
		{6FD27AA8-6792-4928-A497-3328C8DE07DF}.Debug|Any CPU.ActiveCfg = Debug|Any CPU
		{6FD27AA8-6792-4928-A497-3328C8DE07DF}.Debug|Any CPU.Build.0 = Debug|Any CPU
		{6FD27AA8-6792-4928-A497-3328C8DE07DF}.Release|Any CPU.ActiveCfg = Release|Any CPU
		{6FD27AA8-6792-4928-A497-3328C8DE07DF}.Release|Any CPU.Build.0 = Release|Any CPU
		{4C5CCB71-7058-4651-A772-15764E412C8A}.Debug|Any CPU.ActiveCfg = Debug|Any CPU
		{4C5CCB71-7058-4651-A772-15764E412C8A}.Debug|Any CPU.Build.0 = Debug|Any CPU
		{4C5CCB71-7058-4651-A772-15764E412C8A}.Release|Any CPU.ActiveCfg = Release|Any CPU
		{4C5CCB71-7058-4651-A772-15764E412C8A}.Release|Any CPU.Build.0 = Release|Any CPU
	EndGlobalSection
	GlobalSection(NestedProjects) = preSolution
		{BDF9BC1A-B962-444F-A50A-0F5005A598FD} = {1739240A-F2A6-4D91-9CD8-EF46600151E9}
		{BE3493CE-23B5-4DE4-B5C1-DE1341582577} = {1739240A-F2A6-4D91-9CD8-EF46600151E9}
		{28A6E3D9-58FA-4DED-BE24-EA8AB46724FB} = {1739240A-F2A6-4D91-9CD8-EF46600151E9}
		{6FD27AA8-6792-4928-A497-3328C8DE07DF} = {1739240A-F2A6-4D91-9CD8-EF46600151E9}
		{4C5CCB71-7058-4651-A772-15764E412C8A} = {1739240A-F2A6-4D91-9CD8-EF46600151E9}
	EndGlobalSection
EndGlobal
